<?xml version="1.0" encoding="utf-8"?>
<Project ToolsVersion="4.0" xmlns="http://schemas.microsoft.com/developer/msbuild/2003">
  <ItemGroup>
    <Filter Include="Source Files">
      <UniqueIdentifier>{4FC737F1-C7A5-4376-A066-2A32D752A2FF}</UniqueIdentifier>
      <Extensions>cpp;c;cc;cxx;def;odl;idl;hpj;bat;asm;asmx</Extensions>
    </Filter>
    <Filter Include="Header Files">
      <UniqueIdentifier>{93995380-89BD-4b04-88EB-625FBE52EBFB}</UniqueIdentifier>
      <Extensions>h;hpp;hxx;hm;inl;inc;xsd</Extensions>
    </Filter>
    <Filter Include="Resource Files">
      <UniqueIdentifier>{67DA6AB6-F800-4c08-8B7A-83BB121AAD01}</UniqueIdentifier>
      <Extensions>rc;ico;cur;bmp;dlg;rc2;rct;bin;rgs;gif;jpg;jpeg;jpe;resx;tiff;tif;png;wav</Extensions>
    </Filter>
  </ItemGroup>
  <ItemGroup>
    <ClCompile Include="..\library\buffers.c">
      <Filter>Source Files</Filter>
    </ClCompile>
    <ClCompile Include="..\library\cfileio.c">
      <Filter>Source Files</Filter>
    </ClCompile>
    <ClCompile Include="..\library\checksum.c">
      <Filter>Source Files</Filter>
    </ClCompile>
    <ClCompile Include="..\library\compress.c">
      <Filter>Source Files</Filter>
    </ClCompile>
    <ClCompile Include="..\library\drvrfile.c">
      <Filter>Source Files</Filter>
    </ClCompile>
    <ClCompile Include="..\library\drvrmem.c">
      <Filter>Source Files</Filter>
    </ClCompile>
    <ClCompile Include="..\library\drvrnet.c">
      <Filter>Source Files</Filter>
    </ClCompile>
    <ClCompile Include="..\library\drvrsmem.c">
      <Filter>Source Files</Filter>
    </ClCompile>
    <ClCompile Include="..\library\editcol.c">
      <Filter>Source Files</Filter>
    </ClCompile>
    <ClCompile Include="..\library\edithdu.c">
      <Filter>Source Files</Filter>
    </ClCompile>
    <ClCompile Include="..\library\eval_f.c">
      <Filter>Source Files</Filter>
    </ClCompile>
    <ClCompile Include="..\library\eval_l.c">
      <Filter>Source Files</Filter>
    </ClCompile>
    <ClCompile Include="..\library\eval_y.c">
      <Filter>Source Files</Filter>
    </ClCompile>
    <ClCompile Include="..\library\fits_hcompress.c">
      <Filter>Source Files</Filter>
    </ClCompile>
    <ClCompile Include="..\library\fits_hdecompress.c">
      <Filter>Source Files</Filter>
    </ClCompile>
    <ClCompile Include="..\library\fitscore.c">
      <Filter>Source Files</Filter>
    </ClCompile>
    <ClCompile Include="..\library\getcol.c">
      <Filter>Source Files</Filter>
    </ClCompile>
    <ClCompile Include="..\library\getcolb.c">
      <Filter>Source Files</Filter>
    </ClCompile>
    <ClCompile Include="..\library\getcold.c">
      <Filter>Source Files</Filter>
    </ClCompile>
    <ClCompile Include="..\library\getcole.c">
      <Filter>Source Files</Filter>
    </ClCompile>
    <ClCompile Include="..\library\getcoli.c">
      <Filter>Source Files</Filter>
    </ClCompile>
    <ClCompile Include="..\library\getcolj.c">
      <Filter>Source Files</Filter>
    </ClCompile>
    <ClCompile Include="..\library\getcolk.c">
      <Filter>Source Files</Filter>
    </ClCompile>
    <ClCompile Include="..\library\getcoll.c">
      <Filter>Source Files</Filter>
    </ClCompile>
    <ClCompile Include="..\library\getcols.c">
      <Filter>Source Files</Filter>
    </ClCompile>
    <ClCompile Include="..\library\getcolsb.c">
      <Filter>Source Files</Filter>
    </ClCompile>
    <ClCompile Include="..\library\getcolui.c">
      <Filter>Source Files</Filter>
    </ClCompile>
    <ClCompile Include="..\library\getcoluj.c">
      <Filter>Source Files</Filter>
    </ClCompile>
    <ClCompile Include="..\library\getcoluk.c">
      <Filter>Source Files</Filter>
    </ClCompile>
    <ClCompile Include="..\library\getkey.c">
      <Filter>Source Files</Filter>
    </ClCompile>
    <ClCompile Include="..\library\group.c">
      <Filter>Source Files</Filter>
    </ClCompile>
    <ClCompile Include="..\library\grparser.c">
      <Filter>Source Files</Filter>
    </ClCompile>
    <ClCompile Include="..\library\histo.c">
      <Filter>Source Files</Filter>
    </ClCompile>
    <ClCompile Include="..\library\imcompress.c">
      <Filter>Source Files</Filter>
    </ClCompile>
    <ClCompile Include="..\library\iraffits.c">
      <Filter>Source Files</Filter>
    </ClCompile>
    <ClCompile Include="..\library\modkey.c">
      <Filter>Source Files</Filter>
    </ClCompile>
    <ClCompile Include="..\library\pliocomp.c">
      <Filter>Source Files</Filter>
    </ClCompile>
    <ClCompile Include="..\library\putcol.c">
      <Filter>Source Files</Filter>
    </ClCompile>
    <ClCompile Include="..\library\putcolb.c">
      <Filter>Source Files</Filter>
    </ClCompile>
    <ClCompile Include="..\library\putcold.c">
      <Filter>Source Files</Filter>
    </ClCompile>
    <ClCompile Include="..\library\putcole.c">
      <Filter>Source Files</Filter>
    </ClCompile>
    <ClCompile Include="..\library\putcoli.c">
      <Filter>Source Files</Filter>
    </ClCompile>
    <ClCompile Include="..\library\putcolj.c">
      <Filter>Source Files</Filter>
    </ClCompile>
    <ClCompile Include="..\library\putcolk.c">
      <Filter>Source Files</Filter>
    </ClCompile>
    <ClCompile Include="..\library\putcoll.c">
      <Filter>Source Files</Filter>
    </ClCompile>
    <ClCompile Include="..\library\putcols.c">
      <Filter>Source Files</Filter>
    </ClCompile>
    <ClCompile Include="..\library\putcolsb.c">
      <Filter>Source Files</Filter>
    </ClCompile>
    <ClCompile Include="..\library\putcolu.c">
      <Filter>Source Files</Filter>
    </ClCompile>
    <ClCompile Include="..\library\putcolui.c">
      <Filter>Source Files</Filter>
    </ClCompile>
    <ClCompile Include="..\library\putcoluj.c">
      <Filter>Source Files</Filter>
    </ClCompile>
    <ClCompile Include="..\library\putcoluk.c">
      <Filter>Source Files</Filter>
    </ClCompile>
    <ClCompile Include="..\library\putkey.c">
      <Filter>Source Files</Filter>
    </ClCompile>
    <ClCompile Include="..\library\quantize.c">
      <Filter>Source Files</Filter>
    </ClCompile>
    <ClCompile Include="..\library\region.c">
      <Filter>Source Files</Filter>
    </ClCompile>
    <ClCompile Include="..\library\ricecomp.c">
      <Filter>Source Files</Filter>
    </ClCompile>
    <ClCompile Include="..\library\scalnull.c">
      <Filter>Source Files</Filter>
    </ClCompile>
    <ClCompile Include="..\library\speed.c">
      <Filter>Source Files</Filter>
    </ClCompile>
    <ClCompile Include="..\library\swapproc.c">
      <Filter>Source Files</Filter>
    </ClCompile>
    <ClCompile Include="..\library\wcssub.c">
      <Filter>Source Files</Filter>
    </ClCompile>
    <ClCompile Include="..\library\wcsutil.c">
      <Filter>Source Files</Filter>
    </ClCompile>
  </ItemGroup>
  <ItemGroup>
    <ClInclude Include="..\library\compress.h">
      <Filter>Header Files</Filter>
    </ClInclude>
    <ClInclude Include="..\library\drvrgsiftp.h">
      <Filter>Header Files</Filter>
    </ClInclude>
    <ClInclude Include="..\library\drvrsmem.h">
      <Filter>Header Files</Filter>
    </ClInclude>
    <ClInclude Include="..\library\eval_defs.h">
      <Filter>Header Files</Filter>
    </ClInclude>
    <ClInclude Include="..\library\eval_tab.h">
      <Filter>Header Files</Filter>
    </ClInclude>
    <ClInclude Include="..\library\fitsio.h">
      <Filter>Header Files</Filter>
    </ClInclude>
    <ClInclude Include="..\library\fitsio2.h">
      <Filter>Header Files</Filter>
    </ClInclude>
    <ClInclude Include="..\library\group.h">
      <Filter>Header Files</Filter>
    </ClInclude>
    <ClInclude Include="..\library\grparser.h">
      <Filter>Header Files</Filter>
    </ClInclude>
    <ClInclude Include="..\library\longnam.h">
      <Filter>Header Files</Filter>
    </ClInclude>
    <ClInclude Include="..\library\region.h">
      <Filter>Header Files</Filter>
    </ClInclude>
    <ClInclude Include="..\library\ricecomp.h">
      <Filter>Header Files</Filter>
    </ClInclude>
  </ItemGroup>
</Project>